
Microsoft Visual Studio Solution File, Format Version 12.00
Project("{FAE04EC0-301F-11D3-BF4B-00C04F79EFBC}") = "SimpleChat", "SimpleChat\SimpleChat.csproj", "{6210A60B-D7DD-41DE-812E-A573B24C8FDB}"
EndProject
Project("{FAE04EC0-301F-11D3-BF4B-00C04F79EFBC}") = "SimpleChat.Domain", "SimpleChat.Domain\SimpleChat.Domain.csproj", "{06C947CF-8B2A-4F65-86B0-DC76D43FE6DF}"
EndProject
Project("{FAE04EC0-301F-11D3-BF4B-00C04F79EFBC}") = "SimpleChat.Application", "SimpleChat.Application\SimpleChat.Application.csproj", "{51944B4D-99A4-425A-BC10-6BDC83A693D3}"
EndProject
Global
	GlobalSection(SolutionConfigurationPlatforms) = preSolution
		Debug|Any CPU = Debug|Any CPU
		Release|Any CPU = Release|Any CPU
	EndGlobalSection
	GlobalSection(ProjectConfigurationPlatforms) = postSolution
		{6210A60B-D7DD-41DE-812E-A573B24C8FDB}.Debug|Any CPU.ActiveCfg = Debug|Any CPU
		{6210A60B-D7DD-41DE-812E-A573B24C8FDB}.Debug|Any CPU.Build.0 = Debug|Any CPU
		{6210A60B-D7DD-41DE-812E-A573B24C8FDB}.Release|Any CPU.ActiveCfg = Release|Any CPU
		{6210A60B-D7DD-41DE-812E-A573B24C8FDB}.Release|Any CPU.Build.0 = Release|Any CPU
		{06C947CF-8B2A-4F65-86B0-DC76D43FE6DF}.Debug|Any CPU.ActiveCfg = Debug|Any CPU
		{06C947CF-8B2A-4F65-86B0-DC76D43FE6DF}.Debug|Any CPU.Build.0 = Debug|Any CPU
		{06C947CF-8B2A-4F65-86B0-DC76D43FE6DF}.Release|Any CPU.ActiveCfg = Release|Any CPU
		{06C947CF-8B2A-4F65-86B0-DC76D43FE6DF}.Release|Any CPU.Build.0 = Release|Any CPU
		{51944B4D-99A4-425A-BC10-6BDC83A693D3}.Debug|Any CPU.ActiveCfg = Debug|Any CPU
		{51944B4D-99A4-425A-BC10-6BDC83A693D3}.Debug|Any CPU.Build.0 = Debug|Any CPU
		{51944B4D-99A4-425A-BC10-6BDC83A693D3}.Release|Any CPU.ActiveCfg = Release|Any CPU
		{51944B4D-99A4-425A-BC10-6BDC83A693D3}.Release|Any CPU.Build.0 = Release|Any CPU
	EndGlobalSection
EndGlobal
